// !$*UTF8*$!
{
	archiveVersion = 1;
	classes = {
	};
	objectVersion = 50;
	objects = {

/* Begin PBXBuildFile section */
		F7D4C7992287E998004431BE /* AppDelegate.swift in Sources */ = {isa = PBXBuildFile; fileRef = F7D4C7982287E998004431BE /* AppDelegate.swift */; };
		F7D4C79B2287E998004431BE /* ViewController.swift in Sources */ = {isa = PBXBuildFile; fileRef = F7D4C79A2287E998004431BE /* ViewController.swift */; };
		F7D4C79E2287E998004431BE /* Main.storyboard in Resources */ = {isa = PBXBuildFile; fileRef = F7D4C79C2287E998004431BE /* Main.storyboard */; };
		F7D4C7A02287E99C004431BE /* Assets.xcassets in Resources */ = {isa = PBXBuildFile; fileRef = F7D4C79F2287E99C004431BE /* Assets.xcassets */; };
		F7D4C7A32287E99C004431BE /* LaunchScreen.storyboard in Resources */ = {isa = PBXBuildFile; fileRef = F7D4C7A12287E99C004431BE /* LaunchScreen.storyboard */; };
		F7D4C7AE2287E99C004431BE /* iosPractice01Tests.swift in Sources */ = {isa = PBXBuildFile; fileRef = F7D4C7AD2287E99C004431BE /* iosPractice01Tests.swift */; };
		F7D4C7B92287E99D004431BE /* iosPractice01UITests.swift in Sources */ = {isa = PBXBuildFile; fileRef = F7D4C7B82287E99D004431BE /* iosPractice01UITests.swift */; };
/* End PBXBuildFile section */

/* Begin PBXContainerItemProxy section */
		F7D4C7AA2287E99C004431BE /* PBXContainerItemProxy */ = {
			isa = PBXContainerItemProxy;
			containerPortal = F7D4C78D2287E997004431BE /* Project object */;
			proxyType = 1;
			remoteGlobalIDString = F7D4C7942287E997004431BE;
			remoteInfo = iosPractice01;
		};
		F7D4C7B52287E99D004431BE /* PBXContainerItemProxy */ = {
			isa = PBXContainerItemProxy;
			containerPortal = F7D4C78D2287E997004431BE /* Project object */;
			proxyType = 1;
			remoteGlobalIDString = F7D4C7942287E997004431BE;
			remoteInfo = iosPractice01;
		};
/* End PBXContainerItemProxy section */

/* Begin PBXFileReference section */
		F7D4C7952287E998004431BE /* iosPractice01.app */ = {isa = PBXFileReference; explicitFileType = wrapper.application; includeInIndex = 0; path = iosPractice01.app; sourceTree = BUILT_PRODUCTS_DIR; };
		F7D4C7982287E998004431BE /* AppDelegate.swift */ = {isa = PBXFileReference; lastKnownFileType = sourcecode.swift; path = AppDelegate.swift; sourceTree = "<group>"; };
		F7D4C79A2287E998004431BE /* ViewController.swift */ = {isa = PBXFileReference; lastKnownFileType = sourcecode.swift; path = ViewController.swift; sourceTree = "<group>"; };
		F7D4C79D2287E998004431BE /* Base */ = {isa = PBXFileReference; lastKnownFileType = file.storyboard; name = Base; path = Base.lproj/Main.storyboard; sourceTree = "<group>"; };
		F7D4C79F2287E99C004431BE /* Assets.xcassets */ = {isa = PBXFileReference; lastKnownFileType = folder.assetcatalog; path = Assets.xcassets; sourceTree = "<group>"; };
		F7D4C7A22287E99C004431BE /* Base */ = {isa = PBXFileReference; lastKnownFileType = file.storyboard; name = Base; path = Base.lproj/LaunchScreen.storyboard; sourceTree = "<group>"; };
		F7D4C7A42287E99C004431BE /* Info.plist */ = {isa = PBXFileReference; lastKnownFileType = text.plist.xml; path = Info.plist; sourceTree = "<group>"; };
		F7D4C7A92287E99C004431BE /* iosPractice01Tests.xctest */ = {isa = PBXFileReference; explicitFileType = wrapper.cfbundle; includeInIndex = 0; path = iosPractice01Tests.xctest; sourceTree = BUILT_PRODUCTS_DIR; };
		F7D4C7AD2287E99C004431BE /* iosPractice01Tests.swift */ = {isa = PBXFileReference; lastKnownFileType = sourcecode.swift; path = iosPractice01Tests.swift; sourceTree = "<group>"; };
		F7D4C7AF2287E99C004431BE /* Info.plist */ = {isa = PBXFileReference; lastKnownFileType = text.plist.xml; path = Info.plist; sourceTree = "<group>"; };
		F7D4C7B42287E99D004431BE /* iosPractice01UITests.xctest */ = {isa = PBXFileReference; explicitFileType = wrapper.cfbundle; includeInIndex = 0; path = iosPractice01UITests.xctest; sourceTree = BUILT_PRODUCTS_DIR; };
		F7D4C7B82287E99D004431BE /* iosPractice01UITests.swift */ = {isa = PBXFileReference; lastKnownFileType = sourcecode.swift; path = iosPractice01UITests.swift; sourceTree = "<group>"; };
		F7D4C7BA2287E99D004431BE /* Info.plist */ = {isa = PBXFileReference; lastKnownFileType = text.plist.xml; path = Info.plist; sourceTree = "<group>"; };
/* End PBXFileReference section */

/* Begin PBXFrameworksBuildPhase section */
		F7D4C7922287E997004431BE /* Frameworks */ = {
			isa = PBXFrameworksBuildPhase;
			buildActionMask = 2147483647;
			files = (
			);
			runOnlyForDeploymentPostprocessing = 0;
		};
		F7D4C7A62287E99C004431BE /* Frameworks */ = {
			isa = PBXFrameworksBuildPhase;
			buildActionMask = 2147483647;
			files = (
			);
			runOnlyForDeploymentPostprocessing = 0;
		};
		F7D4C7B12287E99D004431BE /* Frameworks */ = {
			isa = PBXFrameworksBuildPhase;
			buildActionMask = 2147483647;
			files = (
			);
			runOnlyForDeploymentPostprocessing = 0;
		};
/* End PBXFrameworksBuildPhase section */

/* Begin PBXGroup section */
		F7D4C78C2287E997004431BE = {
			isa = PBXGroup;
			children = (
				F7D4C7972287E998004431BE /* iosPractice01 */,
				F7D4C7AC2287E99C004431BE /* iosPractice01Tests */,
				F7D4C7B72287E99D004431BE /* iosPractice01UITests */,
				F7D4C7962287E998004431BE /* Products */,
			);
			sourceTree = "<group>";
		};
		F7D4C7962287E998004431BE /* Products */ = {
			isa = PBXGroup;
			children = (
				F7D4C7952287E998004431BE /* iosPractice01.app */,
				F7D4C7A92287E99C004431BE /* iosPractice01Tests.xctest */,
				F7D4C7B42287E99D004431BE /* iosPractice01UITests.xctest */,
			);
			name = Products;
			sourceTree = "<group>";
		};
		F7D4C7972287E998004431BE /* iosPractice01 */ = {
			isa = PBXGroup;
			children = (
				F7D4C7982287E998004431BE /* AppDelegate.swift */,
				F7D4C79A2287E998004431BE /* ViewController.swift */,
				F7D4C79C2287E998004431BE /* Main.storyboard */,
				F7D4C79F2287E99C004431BE /* Assets.xcassets */,
				F7D4C7A12287E99C004431BE /* LaunchScreen.storyboard */,
				F7D4C7A42287E99C004431BE /* Info.plist */,
			);
			path = iosPractice01;
			sourceTree = "<group>";
		};
		F7D4C7AC2287E99C004431BE /* iosPractice01Tests */ = {
			isa = PBXGroup;
			children = (
				F7D4C7AD2287E99C004431BE /* iosPractice01Tests.swift */,
				F7D4C7AF2287E99C004431BE /* Info.plist */,
			);
			path = iosPractice01Tests;
			sourceTree = "<group>";
		};
		F7D4C7B72287E99D004431BE /* iosPractice01UITests */ = {
			isa = PBXGroup;
			children = (
				F7D4C7B82287E99D004431BE /* iosPractice01UITests.swift */,
				F7D4C7BA2287E99D004431BE /* Info.plist */,
			);
			path = iosPractice01UITests;
			sourceTree = "<group>";
		};
/* End PBXGroup section */

/* Begin PBXNativeTarget section */
		F7D4C7942287E997004431BE /* iosPractice01 */ = {
			isa = PBXNativeTarget;
			buildConfigurationList = F7D4C7BD2287E99D004431BE /* Build configuration list for PBXNativeTarget "iosPractice01" */;
			buildPhases = (
				F7D4C7912287E997004431BE /* Sources */,
				F7D4C7922287E997004431BE /* Frameworks */,
				F7D4C7932287E997004431BE /* Resources */,
			);
			buildRules = (
			);
			dependencies = (
			);
			name = iosPractice01;
			productName = iosPractice01;
			productReference = F7D4C7952287E998004431BE /* iosPractice01.app */;
			productType = "com.apple.product-type.application";
		};
		F7D4C7A82287E99C004431BE /* iosPractice01Tests */ = {
			isa = PBXNativeTarget;
			buildConfigurationList = F7D4C7C02287E99D004431BE /* Build configuration list for PBXNativeTarget "iosPractice01Tests" */;
			buildPhases = (
				F7D4C7A52287E99C004431BE /* Sources */,
				F7D4C7A62287E99C004431BE /* Frameworks */,
				F7D4C7A72287E99C004431BE /* Resources */,
			);
			buildRules = (
			);
			dependencies = (
				F7D4C7AB2287E99C004431BE /* PBXTargetDependency */,
			);
			name = iosPractice01Tests;
			productName = iosPractice01Tests;
			productReference = F7D4C7A92287E99C004431BE /* iosPractice01Tests.xctest */;
			productType = "com.apple.product-type.bundle.unit-test";
		};
		F7D4C7B32287E99D004431BE /* iosPractice01UITests */ = {
			isa = PBXNativeTarget;
			buildConfigurationList = F7D4C7C32287E99D004431BE /* Build configuration list for PBXNativeTarget "iosPractice01UITests" */;
			buildPhases = (
				F7D4C7B02287E99D004431BE /* Sources */,
				F7D4C7B12287E99D004431BE /* Frameworks */,
				F7D4C7B22287E99D004431BE /* Resources */,
			);
			buildRules = (
			);
			dependencies = (
				F7D4C7B62287E99D004431BE /* PBXTargetDependency */,
			);
			name = iosPractice01UITests;
			productName = iosPractice01UITests;
			productReference = F7D4C7B42287E99D004431BE /* iosPractice01UITests.xctest */;
			productType = "com.apple.product-type.bundle.ui-testing";
		};
/* End PBXNativeTarget section */

/* Begin PBXProject section */
		F7D4C78D2287E997004431BE /* Project object */ = {
			isa = PBXProject;
			attributes = {
				LastSwiftUpdateCheck = 1020;
				LastUpgradeCheck = 1020;
				ORGANIZATIONNAME = "河岡 諒";
				TargetAttributes = {
					F7D4C7942287E997004431BE = {
						CreatedOnToolsVersion = 10.2.1;
					};
					F7D4C7A82287E99C004431BE = {
						CreatedOnToolsVersion = 10.2.1;
						TestTargetID = F7D4C7942287E997004431BE;
					};
					F7D4C7B32287E99D004431BE = {
						CreatedOnToolsVersion = 10.2.1;
						TestTargetID = F7D4C7942287E997004431BE;
					};
				};
			};
			buildConfigurationList = F7D4C7902287E997004431BE /* Build configuration list for PBXProject "iosPractice01" */;
			compatibilityVersion = "Xcode 9.3";
			developmentRegion = en;
			hasScannedForEncodings = 0;
			knownRegions = (
				en,
				Base,
			);
			mainGroup = F7D4C78C2287E997004431BE;
			productRefGroup = F7D4C7962287E998004431BE /* Products */;
			projectDirPath = "";
			projectRoot = "";
			targets = (
				F7D4C7942287E997004431BE /* iosPractice01 */,
				F7D4C7A82287E99C004431BE /* iosPractice01Tests */,
				F7D4C7B32287E99D004431BE /* iosPractice01UITests */,
			);
		};
/* End PBXProject section */

/* Begin PBXResourcesBuildPhase section */
		F7D4C7932287E997004431BE /* Resources */ = {
			isa = PBXResourcesBuildPhase;
			buildActionMask = 2147483647;
			files = (
				F7D4C7A32287E99C004431BE /* LaunchScreen.storyboard in Resources */,
				F7D4C7A02287E99C004431BE /* Assets.xcassets in Resources */,
				F7D4C79E2287E998004431BE /* Main.storyboard in Resources */,
			);
			runOnlyForDeploymentPostprocessing = 0;
		};
		F7D4C7A72287E99C004431BE /* Resources */ = {
			isa = PBXResourcesBuildPhase;
			buildActionMask = 2147483647;
			files = (
			);
			runOnlyForDeploymentPostprocessing = 0;
		};
		F7D4C7B22287E99D004431BE /* Resources */ = {
			isa = PBXResourcesBuildPhase;
			buildActionMask = 2147483647;
			files = (
			);
			runOnlyForDeploymentPostprocessing = 0;
		};
/* End PBXResourcesBuildPhase section */

/* Begin PBXSourcesBuildPhase section */
		F7D4C7912287E997004431BE /* Sources */ = {
			isa = PBXSourcesBuildPhase;
			buildActionMask = 2147483647;
			files = (
				F7D4C79B2287E998004431BE /* ViewController.swift in Sources */,
				F7D4C7992287E998004431BE /* AppDelegate.swift in Sources */,
			);
			runOnlyForDeploymentPostprocessing = 0;
		};
		F7D4C7A52287E99C004431BE /* Sources */ = {
			isa = PBXSourcesBuildPhase;
			buildActionMask = 2147483647;
			files = (
				F7D4C7AE2287E99C004431BE /* iosPractice01Tests.swift in Sources */,
			);
			runOnlyForDeploymentPostprocessing = 0;
		};
		F7D4C7B02287E99D004431BE /* Sources */ = {
			isa = PBXSourcesBuildPhase;
			buildActionMask = 2147483647;
			files = (
				F7D4C7B92287E99D004431BE /* iosPractice01UITests.swift in Sources */,
			);
			runOnlyForDeploymentPostprocessing = 0;
		};
/* End PBXSourcesBuildPhase section */

/* Begin PBXTargetDependency section */
		F7D4C7AB2287E99C004431BE /* PBXTargetDependency */ = {
			isa = PBXTargetDependency;
			target = F7D4C7942287E997004431BE /* iosPractice01 */;
			targetProxy = F7D4C7AA2287E99C004431BE /* PBXContainerItemProxy */;
		};
		F7D4C7B62287E99D004431BE /* PBXTargetDependency */ = {
			isa = PBXTargetDependency;
			target = F7D4C7942287E997004431BE /* iosPractice01 */;
			targetProxy = F7D4C7B52287E99D004431BE /* PBXContainerItemProxy */;
		};
/* End PBXTargetDependency section */

/* Begin PBXVariantGroup section */
		F7D4C79C2287E998004431BE /* Main.storyboard */ = {
			isa = PBXVariantGroup;
			children = (
				F7D4C79D2287E998004431BE /* Base */,
			);
			name = Main.storyboard;
			sourceTree = "<group>";
		};
		F7D4C7A12287E99C004431BE /* LaunchScreen.storyboard */ = {
			isa = PBXVariantGroup;
			children = (
				F7D4C7A22287E99C004431BE /* Base */,
			);
			name = LaunchScreen.storyboard;
			sourceTree = "<group>";
		};
/* End PBXVariantGroup section */

/* Begin XCBuildConfiguration section */
		F7D4C7BB2287E99D004431BE /* Debug */ = {
			isa = XCBuildConfiguration;
			buildSettings = {
				ALWAYS_SEARCH_USER_PATHS = NO;
				CLANG_ANALYZER_NONNULL = YES;
				CLANG_ANALYZER_NUMBER_OBJECT_CONVERSION = YES_AGGRESSIVE;
				CLANG_CXX_LANGUAGE_STANDARD = "gnu++14";
				CLANG_CXX_LIBRARY = "libc++";
				CLANG_ENABLE_MODULES = YES;
				CLANG_ENABLE_OBJC_ARC = YES;
				CLANG_ENABLE_OBJC_WEAK = YES;
				CLANG_WARN_BLOCK_CAPTURE_AUTORELEASING = YES;
				CLANG_WARN_BOOL_CONVERSION = YES;
				CLANG_WARN_COMMA = YES;
				CLANG_WARN_CONSTANT_CONVERSION = YES;
				CLANG_WARN_DEPRECATED_OBJC_IMPLEMENTATIONS = YES;
				CLANG_WARN_DIRECT_OBJC_ISA_USAGE = YES_ERROR;
				CLANG_WARN_DOCUMENTATION_COMMENTS = YES;
				CLANG_WARN_EMPTY_BODY = YES;
				CLANG_WARN_ENUM_CONVERSION = YES;
				CLANG_WARN_INFINITE_RECURSION = YES;
				CLANG_WARN_INT_CONVERSION = YES;
				CLANG_WARN_NON_LITERAL_NULL_CONVERSION = YES;
				CLANG_WARN_OBJC_IMPLICIT_RETAIN_SELF = YES;
				CLANG_WARN_OBJC_LITERAL_CONVERSION = YES;
				CLANG_WARN_OBJC_ROOT_CLASS = YES_ERROR;
				CLANG_WARN_RANGE_LOOP_ANALYSIS = YES;
				CLANG_WARN_STRICT_PROTOTYPES = YES;
				CLANG_WARN_SUSPICIOUS_MOVE = YES;
				CLANG_WARN_UNGUARDED_AVAILABILITY = YES_AGGRESSIVE;
				CLANG_WARN_UNREACHABLE_CODE = YES;
				CLANG_WARN__DUPLICATE_METHOD_MATCH = YES;
				CODE_SIGN_IDENTITY = "iPhone Developer";
				COPY_PHASE_STRIP = NO;
				DEBUG_INFORMATION_FORMAT = dwarf;
				ENABLE_STRICT_OBJC_MSGSEND = YES;
				ENABLE_TESTABILITY = YES;
				GCC_C_LANGUAGE_STANDARD = gnu11;
				GCC_DYNAMIC_NO_PIC = NO;
				GCC_NO_COMMON_BLOCKS = YES;
				GCC_OPTIMIZATION_LEVEL = 0;
				GCC_PREPROCESSOR_DEFINITIONS = (
					"DEBUG=1",
					"$(inherited)",
				);
				GCC_WARN_64_TO_32_BIT_CONVERSION = YES;
				GCC_WARN_ABOUT_RETURN_TYPE = YES_ERROR;
				GCC_WARN_UNDECLARED_SELECTOR = YES;
				GCC_WARN_UNINITIALIZED_AUTOS = YES_AGGRESSIVE;
				GCC_WARN_UNUSED_FUNCTION = YES;
				GCC_WARN_UNUSED_VARIABLE = YES;
				IPHONEOS_DEPLOYMENT_TARGET = 12.2;
				MTL_ENABLE_DEBUG_INFO = INCLUDE_SOURCE;
				MTL_FAST_MATH = YES;
				ONLY_ACTIVE_ARCH = YES;
				SDKROOT = iphoneos;
				SWIFT_ACTIVE_COMPILATION_CONDITIONS = DEBUG;
				SWIFT_OPTIMIZATION_LEVEL = "-Onone";
			};
			name = Debug;
		};
		F7D4C7BC2287E99D004431BE /* Release */ = {
			isa = XCBuildConfiguration;
			buildSettings = {
				ALWAYS_SEARCH_USER_PATHS = NO;
				CLANG_ANALYZER_NONNULL = YES;
				CLANG_ANALYZER_NUMBER_OBJECT_CONVERSION = YES_AGGRESSIVE;
				CLANG_CXX_LANGUAGE_STANDARD = "gnu++14";
				CLANG_CXX_LIBRARY = "libc++";
				CLANG_ENABLE_MODULES = YES;
				CLANG_ENABLE_OBJC_ARC = YES;
				CLANG_ENABLE_OBJC_WEAK = YES;
				CLANG_WARN_BLOCK_CAPTURE_AUTORELEASING = YES;
				CLANG_WARN_BOOL_CONVERSION = YES;
				CLANG_WARN_COMMA = YES;
				CLANG_WARN_CONSTANT_CONVERSION = YES;
				CLANG_WARN_DEPRECATED_OBJC_IMPLEMENTATIONS = YES;
				CLANG_WARN_DIRECT_OBJC_ISA_USAGE = YES_ERROR;
				CLANG_WARN_DOCUMENTATION_COMMENTS = YES;
				CLANG_WARN_EMPTY_BODY = YES;
				CLANG_WARN_ENUM_CONVERSION = YES;
				CLANG_WARN_INFINITE_RECURSION = YES;
				CLANG_WARN_INT_CONVERSION = YES;
				CLANG_WARN_NON_LITERAL_NULL_CONVERSION = YES;
				CLANG_WARN_OBJC_IMPLICIT_RETAIN_SELF = YES;
				CLANG_WARN_OBJC_LITERAL_CONVERSION = YES;
				CLANG_WARN_OBJC_ROOT_CLASS = YES_ERROR;
				CLANG_WARN_RANGE_LOOP_ANALYSIS = YES;
				CLANG_WARN_STRICT_PROTOTYPES = YES;
				CLANG_WARN_SUSPICIOUS_MOVE = YES;
				CLANG_WARN_UNGUARDED_AVAILABILITY = YES_AGGRESSIVE;
				CLANG_WARN_UNREACHABLE_CODE = YES;
				CLANG_WARN__DUPLICATE_METHOD_MATCH = YES;
				CODE_SIGN_IDENTITY = "iPhone Developer";
				COPY_PHASE_STRIP = NO;
				DEBUG_INFORMATION_FORMAT = "dwarf-with-dsym";
				ENABLE_NS_ASSERTIONS = NO;
				ENABLE_STRICT_OBJC_MSGSEND = YES;
				GCC_C_LANGUAGE_STANDARD = gnu11;
				GCC_NO_COMMON_BLOCKS = YES;
				GCC_WARN_64_TO_32_BIT_CONVERSION = YES;
				GCC_WARN_ABOUT_RETURN_TYPE = YES_ERROR;
				GCC_WARN_UNDECLARED_SELECTOR = YES;
				GCC_WARN_UNINITIALIZED_AUTOS = YES_AGGRESSIVE;
				GCC_WARN_UNUSED_FUNCTION = YES;
				GCC_WARN_UNUSED_VARIABLE = YES;
				IPHONEOS_DEPLOYMENT_TARGET = 12.2;
				MTL_ENABLE_DEBUG_INFO = NO;
				MTL_FAST_MATH = YES;
				SDKROOT = iphoneos;
				SWIFT_COMPILATION_MODE = wholemodule;
				SWIFT_OPTIMIZATION_LEVEL = "-O";
				VALIDATE_PRODUCT = YES;
			};
			name = Release;
		};
		F7D4C7BE2287E99D004431BE /* Debug */ = {
			isa = XCBuildConfiguration;
			buildSettings = {
				ASSETCATALOG_COMPILER_APPICON_NAME = AppIcon;
				CODE_SIGN_STYLE = Automatic;
				DEVELOPMENT_TEAM = D3VFGQNQ2S;
				INFOPLIST_FILE = iosPractice01/Info.plist;
				LD_RUNPATH_SEARCH_PATHS = (
					"$(inherited)",
					"@executable_path/Frameworks",
				);
				PRODUCT_BUNDLE_IDENTIFIER = com.rikoten.iosPractice01;
				PRODUCT_NAME = "$(TARGET_NAME)";
				SWIFT_VERSION = 5.0;
				TARGETED_DEVICE_FAMILY = "1,2";
			};
			name = Debug;
		};
		F7D4C7BF2287E99D004431BE /* Release */ = {
			isa = XCBuildConfiguration;
			buildSettings = {
				ASSETCATALOG_COMPILER_APPICON_NAME = AppIcon;
				CODE_SIGN_STYLE = Automatic;
				DEVELOPMENT_TEAM = D3VFGQNQ2S;
				INFOPLIST_FILE = iosPractice01/Info.plist;
				LD_RUNPATH_SEARCH_PATHS = (
					"$(inherited)",
					"@executable_path/Frameworks",
				);
				PRODUCT_BUNDLE_IDENTIFIER = com.rikoten.iosPractice01;
				PRODUCT_NAME = "$(TARGET_NAME)";
				SWIFT_VERSION = 5.0;
				TARGETED_DEVICE_FAMILY = "1,2";
			};
			name = Release;
		};
		F7D4C7C12287E99D004431BE /* Debug */ = {
			isa = XCBuildConfiguration;
			buildSettings = {
				ALWAYS_EMBED_SWIFT_STANDARD_LIBRARIES = YES;
				BUNDLE_LOADER = "$(TEST_HOST)";
				CODE_SIGN_STYLE = Automatic;
				DEVELOPMENT_TEAM = D3VFGQNQ2S;
				INFOPLIST_FILE = iosPractice01Tests/Info.plist;
				LD_RUNPATH_SEARCH_PATHS = (
					"$(inherited)",
					"@executable_path/Frameworks",
					"@loader_path/Frameworks",
				);
				PRODUCT_BUNDLE_IDENTIFIER = com.rikoten.iosPractice01Tests;
				PRODUCT_NAME = "$(TARGET_NAME)";
				SWIFT_VERSION = 5.0;
				TARGETED_DEVICE_FAMILY = "1,2";
				TEST_HOST = "$(BUILT_PRODUCTS_DIR)/iosPractice01.app/iosPractice01";
			};
			name = Debug;
		};
		F7D4C7C22287E99D004431BE /* Release */ = {
			isa = XCBuildConfiguration;
			buildSettings = {
				ALWAYS_EMBED_SWIFT_STANDARD_LIBRARIES = YES;
				BUNDLE_LOADER = "$(TEST_HOST)";
				CODE_SIGN_STYLE = Automatic;
				DEVELOPMENT_TEAM = D3VFGQNQ2S;
				INFOPLIST_FILE = iosPractice01Tests/Info.plist;
				LD_RUNPATH_SEARCH_PATHS = (
					"$(inherited)",
					"@executable_path/Frameworks",
					"@loader_path/Frameworks",
				);
				PRODUCT_BUNDLE_IDENTIFIER = com.rikoten.iosPractice01Tests;
				PRODUCT_NAME = "$(TARGET_NAME)";
				SWIFT_VERSION = 5.0;
				TARGETED_DEVICE_FAMILY = "1,2";
				TEST_HOST = "$(BUILT_PRODUCTS_DIR)/iosPractice01.app/iosPractice01";
			};
			name = Release;
		};
		F7D4C7C42287E99D004431BE /* Debug */ = {
			isa = XCBuildConfiguration;
			buildSettings = {
				ALWAYS_EMBED_SWIFT_STANDARD_LIBRARIES = YES;
				CODE_SIGN_STYLE = Automatic;
				DEVELOPMENT_TEAM = D3VFGQNQ2S;
				INFOPLIST_FILE = iosPractice01UITests/Info.plist;
				LD_RUNPATH_SEARCH_PATHS = (
					"$(inherited)",
					"@executable_path/Frameworks",
					"@loader_path/Frameworks",
				);
				PRODUCT_BUNDLE_IDENTIFIER = com.rikoten.iosPractice01UITests;
				PRODUCT_NAME = "$(TARGET_NAME)";
				SWIFT_VERSION = 5.0;
				TARGETED_DEVICE_FAMILY = "1,2";
				TEST_TARGET_NAME = iosPractice01;
			};
			name = Debug;
		};
		F7D4C7C52287E99D004431BE /* Release */ = {
			isa = XCBuildConfiguration;
			buildSettings = {
				ALWAYS_EMBED_SWIFT_STANDARD_LIBRARIES = YES;
				CODE_SIGN_STYLE = Automatic;
				DEVELOPMENT_TEAM = D3VFGQNQ2S;
				INFOPLIST_FILE = iosPractice01UITests/Info.plist;
				LD_RUNPATH_SEARCH_PATHS = (
					"$(inherited)",
					"@executable_path/Frameworks",
					"@loader_path/Frameworks",
				);
				PRODUCT_BUNDLE_IDENTIFIER = com.rikoten.iosPractice01UITests;
				PRODUCT_NAME = "$(TARGET_NAME)";
				SWIFT_VERSION = 5.0;
				TARGETED_DEVICE_FAMILY = "1,2";
				TEST_TARGET_NAME = iosPractice01;
			};
			name = Release;
		};
/* End XCBuildConfiguration section */

/* Begin XCConfigurationList section */
		F7D4C7902287E997004431BE /* Build configuration list for PBXProject "iosPractice01" */ = {
			isa = XCConfigurationList;
			buildConfigurations = (
				F7D4C7BB2287E99D004431BE /* Debug */,
				F7D4C7BC2287E99D004431BE /* Release */,
			);
			defaultConfigurationIsVisible = 0;
			defaultConfigurationName = Release;
		};
		F7D4C7BD2287E99D004431BE /* Build configuration list for PBXNativeTarget "iosPractice01" */ = {
			isa = XCConfigurationList;
			buildConfigurations = (
				F7D4C7BE2287E99D004431BE /* Debug */,
				F7D4C7BF2287E99D004431BE /* Release */,
			);
			defaultConfigurationIsVisible = 0;
			defaultConfigurationName = Release;
		};
		F7D4C7C02287E99D004431BE /* Build configuration list for PBXNativeTarget "iosPractice01Tests" */ = {
			isa = XCConfigurationList;
			buildConfigurations = (
				F7D4C7C12287E99D004431BE /* Debug */,
				F7D4C7C22287E99D004431BE /* Release */,
			);
			defaultConfigurationIsVisible = 0;
			defaultConfigurationName = Release;
		};
		F7D4C7C32287E99D004431BE /* Build configuration list for PBXNativeTarget "iosPractice01UITests" */ = {
			isa = XCConfigurationList;
			buildConfigurations = (
				F7D4C7C42287E99D004431BE /* Debug */,
				F7D4C7C52287E99D004431BE /* Release */,
			);
			defaultConfigurationIsVisible = 0;
			defaultConfigurationName = Release;
		};
/* End XCConfigurationList section */
	};
	rootObject = F7D4C78D2287E997004431BE /* Project object */;
}
